// !$*UTF8*$!
{
	archiveVersion = 1;
	classes = {
	};
	objectVersion = 50;
	objects = {

/* Begin PBXBuildFile section */
		B5F5B1CB2354523C002EDF2E /* AppDelegate.swift in Sources */ = {isa = PBXBuildFile; fileRef = B5F5B1CA2354523C002EDF2E /* AppDelegate.swift */; };
		B5F5B1D12354523C002EDF2E /* GameScene.swift in Sources */ = {isa = PBXBuildFile; fileRef = B5F5B1D02354523C002EDF2E /* GameScene.swift */; };
		B5F5B1D32354523C002EDF2E /* GameViewController.swift in Sources */ = {isa = PBXBuildFile; fileRef = B5F5B1D22354523C002EDF2E /* GameViewController.swift */; };
		B5F5B1D62354523C002EDF2E /* Main.storyboard in Resources */ = {isa = PBXBuildFile; fileRef = B5F5B1D42354523C002EDF2E /* Main.storyboard */; };
		B5F5B1D823545244002EDF2E /* Assets.xcassets in Resources */ = {isa = PBXBuildFile; fileRef = B5F5B1D723545244002EDF2E /* Assets.xcassets */; };
		B5F5B1DB23545244002EDF2E /* LaunchScreen.storyboard in Resources */ = {isa = PBXBuildFile; fileRef = B5F5B1D923545244002EDF2E /* LaunchScreen.storyboard */; };
		B5F5B1E3235452B2002EDF2E /* GameScene.sks in Resources */ = {isa = PBXBuildFile; fileRef = B5F5B1E2235452B2002EDF2E /* GameScene.sks */; };
		B5F5B1E62354533D002EDF2E /* whack.caf in Resources */ = {isa = PBXBuildFile; fileRef = B5F5B1E42354533C002EDF2E /* whack.caf */; };
		B5F5B1E72354533D002EDF2E /* whackBad.caf in Resources */ = {isa = PBXBuildFile; fileRef = B5F5B1E52354533D002EDF2E /* whackBad.caf */; };
		B5F5B1E9235455FF002EDF2E /* WhackSlot.swift in Sources */ = {isa = PBXBuildFile; fileRef = B5F5B1E8235455FF002EDF2E /* WhackSlot.swift */; };
		B5F5B1ED23546298002EDF2E /* SmokeParticles.sks in Resources */ = {isa = PBXBuildFile; fileRef = B5F5B1EC23546298002EDF2E /* SmokeParticles.sks */; };
		B5F5B1F323546813002EDF2E /* MudParticle.sks in Resources */ = {isa = PBXBuildFile; fileRef = B5F5B1F223546813002EDF2E /* MudParticle.sks */; };
/* End PBXBuildFile section */

/* Begin PBXFileReference section */
		B5F5B1C72354523B002EDF2E /* Project14.app */ = {isa = PBXFileReference; explicitFileType = wrapper.application; includeInIndex = 0; path = Project14.app; sourceTree = BUILT_PRODUCTS_DIR; };
		B5F5B1CA2354523C002EDF2E /* AppDelegate.swift */ = {isa = PBXFileReference; lastKnownFileType = sourcecode.swift; path = AppDelegate.swift; sourceTree = "<group>"; };
		B5F5B1D02354523C002EDF2E /* GameScene.swift */ = {isa = PBXFileReference; lastKnownFileType = sourcecode.swift; path = GameScene.swift; sourceTree = "<group>"; };
		B5F5B1D22354523C002EDF2E /* GameViewController.swift */ = {isa = PBXFileReference; lastKnownFileType = sourcecode.swift; path = GameViewController.swift; sourceTree = "<group>"; };
		B5F5B1D52354523C002EDF2E /* Base */ = {isa = PBXFileReference; lastKnownFileType = file.storyboard; name = Base; path = Base.lproj/Main.storyboard; sourceTree = "<group>"; };
		B5F5B1D723545244002EDF2E /* Assets.xcassets */ = {isa = PBXFileReference; lastKnownFileType = folder.assetcatalog; path = Assets.xcassets; sourceTree = "<group>"; };
		B5F5B1DA23545244002EDF2E /* Base */ = {isa = PBXFileReference; lastKnownFileType = file.storyboard; name = Base; path = Base.lproj/LaunchScreen.storyboard; sourceTree = "<group>"; };
		B5F5B1DC23545244002EDF2E /* Info.plist */ = {isa = PBXFileReference; lastKnownFileType = text.plist.xml; path = Info.plist; sourceTree = "<group>"; };
		B5F5B1E2235452B2002EDF2E /* GameScene.sks */ = {isa = PBXFileReference; lastKnownFileType = file.sks; path = GameScene.sks; sourceTree = "<group>"; };
		B5F5B1E42354533C002EDF2E /* whack.caf */ = {isa = PBXFileReference; lastKnownFileType = file; path = whack.caf; sourceTree = "<group>"; };
		B5F5B1E52354533D002EDF2E /* whackBad.caf */ = {isa = PBXFileReference; lastKnownFileType = file; path = whackBad.caf; sourceTree = "<group>"; };
		B5F5B1E8235455FF002EDF2E /* WhackSlot.swift */ = {isa = PBXFileReference; lastKnownFileType = sourcecode.swift; path = WhackSlot.swift; sourceTree = "<group>"; };
		B5F5B1EC23546298002EDF2E /* SmokeParticles.sks */ = {isa = PBXFileReference; lastKnownFileType = file.sks; path = SmokeParticles.sks; sourceTree = "<group>"; };
		B5F5B1F223546813002EDF2E /* MudParticle.sks */ = {isa = PBXFileReference; lastKnownFileType = file.sks; path = MudParticle.sks; sourceTree = "<group>"; };
/* End PBXFileReference section */

/* Begin PBXFrameworksBuildPhase section */
		B5F5B1C42354523B002EDF2E /* Frameworks */ = {
			isa = PBXFrameworksBuildPhase;
			buildActionMask = 2147483647;
			files = (
			);
			runOnlyForDeploymentPostprocessing = 0;
		};
/* End PBXFrameworksBuildPhase section */

/* Begin PBXGroup section */
		B5F5B1BE2354523B002EDF2E = {
			isa = PBXGroup;
			children = (
				B5F5B1C92354523B002EDF2E /* Project14 */,
				B5F5B1C82354523B002EDF2E /* Products */,
			);
			sourceTree = "<group>";
		};
		B5F5B1C82354523B002EDF2E /* Products */ = {
			isa = PBXGroup;
			children = (
				B5F5B1C72354523B002EDF2E /* Project14.app */,
			);
			name = Products;
			sourceTree = "<group>";
		};
		B5F5B1C92354523B002EDF2E /* Project14 */ = {
			isa = PBXGroup;
			children = (
				B5F5B1CA2354523C002EDF2E /* AppDelegate.swift */,
				B5F5B1E2235452B2002EDF2E /* GameScene.sks */,
				B5F5B1D02354523C002EDF2E /* GameScene.swift */,
				B5F5B1D22354523C002EDF2E /* GameViewController.swift */,
				B5F5B1E8235455FF002EDF2E /* WhackSlot.swift */,
				B5F5B1D42354523C002EDF2E /* Main.storyboard */,
				B5F5B1D723545244002EDF2E /* Assets.xcassets */,
				B5F5B1D923545244002EDF2E /* LaunchScreen.storyboard */,
				B5F5B1DC23545244002EDF2E /* Info.plist */,
				B5F5B1E42354533C002EDF2E /* whack.caf */,
				B5F5B1E52354533D002EDF2E /* whackBad.caf */,
				B5F5B1EC23546298002EDF2E /* SmokeParticles.sks */,
				B5F5B1F223546813002EDF2E /* MudParticle.sks */,
			);
			path = Project14;
			sourceTree = "<group>";
		};
/* End PBXGroup section */

/* Begin PBXNativeTarget section */
		B5F5B1C62354523B002EDF2E /* Project14 */ = {
			isa = PBXNativeTarget;
			buildConfigurationList = B5F5B1DF23545244002EDF2E /* Build configuration list for PBXNativeTarget "Project14" */;
			buildPhases = (
				B5F5B1C32354523B002EDF2E /* Sources */,
				B5F5B1C42354523B002EDF2E /* Frameworks */,
				B5F5B1C52354523B002EDF2E /* Resources */,
			);
			buildRules = (
			);
			dependencies = (
			);
			name = Project14;
			productName = Project14;
			productReference = B5F5B1C72354523B002EDF2E /* Project14.app */;
			productType = "com.apple.product-type.application";
		};
/* End PBXNativeTarget section */

/* Begin PBXProject section */
		B5F5B1BF2354523B002EDF2E /* Project object */ = {
			isa = PBXProject;
			attributes = {
				LastSwiftUpdateCheck = 1110;
				LastUpgradeCheck = 1110;
				ORGANIZATIONNAME = "Developer Maris";
				TargetAttributes = {
					B5F5B1C62354523B002EDF2E = {
						CreatedOnToolsVersion = 11.1;
					};
				};
			};
			buildConfigurationList = B5F5B1C22354523B002EDF2E /* Build configuration list for PBXProject "Project14" */;
			compatibilityVersion = "Xcode 9.3";
			developmentRegion = en;
			hasScannedForEncodings = 0;
			knownRegions = (
				en,
				Base,
			);
			mainGroup = B5F5B1BE2354523B002EDF2E;
			productRefGroup = B5F5B1C82354523B002EDF2E /* Products */;
			projectDirPath = "";
			projectRoot = "";
			targets = (
				B5F5B1C62354523B002EDF2E /* Project14 */,
			);
		};
/* End PBXProject section */

/* Begin PBXResourcesBuildPhase section */
		B5F5B1C52354523B002EDF2E /* Resources */ = {
			isa = PBXResourcesBuildPhase;
			buildActionMask = 2147483647;
			files = (
				B5F5B1ED23546298002EDF2E /* SmokeParticles.sks in Resources */,
				B5F5B1E3235452B2002EDF2E /* GameScene.sks in Resources */,
				B5F5B1E62354533D002EDF2E /* whack.caf in Resources */,
				B5F5B1D62354523C002EDF2E /* Main.storyboard in Resources */,
				B5F5B1D823545244002EDF2E /* Assets.xcassets in Resources */,
				B5F5B1DB23545244002EDF2E /* LaunchScreen.storyboard in Resources */,
				B5F5B1E72354533D002EDF2E /* whackBad.caf in Resources */,
				B5F5B1F323546813002EDF2E /* MudParticle.sks in Resources */,
			);
			runOnlyForDeploymentPostprocessing = 0;
		};
/* End PBXResourcesBuildPhase section */

/* Begin PBXSourcesBuildPhase section */
		B5F5B1C32354523B002EDF2E /* Sources */ = {
			isa = PBXSourcesBuildPhase;
			buildActionMask = 2147483647;
			files = (
				B5F5B1D12354523C002EDF2E /* GameScene.swift in Sources */,
				B5F5B1D32354523C002EDF2E /* GameViewController.swift in Sources */,
				B5F5B1E9235455FF002EDF2E /* WhackSlot.swift in Sources */,
				B5F5B1CB2354523C002EDF2E /* AppDelegate.swift in Sources */,
			);
			runOnlyForDeploymentPostprocessing = 0;
		};
/* End PBXSourcesBuildPhase section */

/* Begin PBXVariantGroup section */
		B5F5B1D42354523C002EDF2E /* Main.storyboard */ = {
			isa = PBXVariantGroup;
			children = (
				B5F5B1D52354523C002EDF2E /* Base */,
			);
			name = Main.storyboard;
			sourceTree = "<group>";
		};
		B5F5B1D923545244002EDF2E /* LaunchScreen.storyboard */ = {
			isa = PBXVariantGroup;
			children = (
				B5F5B1DA23545244002EDF2E /* Base */,
			);
			name = LaunchScreen.storyboard;
			sourceTree = "<group>";
		};
/* End PBXVariantGroup section */

/* Begin XCBuildConfiguration section */
		B5F5B1DD23545244002EDF2E /* Debug */ = {
			isa = XCBuildConfiguration;
			buildSettings = {
				ALWAYS_SEARCH_USER_PATHS = NO;
				CLANG_ANALYZER_NONNULL = YES;
				CLANG_ANALYZER_NUMBER_OBJECT_CONVERSION = YES_AGGRESSIVE;
				CLANG_CXX_LANGUAGE_STANDARD = "gnu++14";
				CLANG_CXX_LIBRARY = "libc++";
				CLANG_ENABLE_MODULES = YES;
				CLANG_ENABLE_OBJC_ARC = YES;
				CLANG_ENABLE_OBJC_WEAK = YES;
				CLANG_WARN_BLOCK_CAPTURE_AUTORELEASING = YES;
				CLANG_WARN_BOOL_CONVERSION = YES;
				CLANG_WARN_COMMA = YES;
				CLANG_WARN_CONSTANT_CONVERSION = YES;
				CLANG_WARN_DEPRECATED_OBJC_IMPLEMENTATIONS = YES;
				CLANG_WARN_DIRECT_OBJC_ISA_USAGE = YES_ERROR;
				CLANG_WARN_DOCUMENTATION_COMMENTS = YES;
				CLANG_WARN_EMPTY_BODY = YES;
				CLANG_WARN_ENUM_CONVERSION = YES;
				CLANG_WARN_INFINITE_RECURSION = YES;
				CLANG_WARN_INT_CONVERSION = YES;
				CLANG_WARN_NON_LITERAL_NULL_CONVERSION = YES;
				CLANG_WARN_OBJC_IMPLICIT_RETAIN_SELF = YES;
				CLANG_WARN_OBJC_LITERAL_CONVERSION = YES;
				CLANG_WARN_OBJC_ROOT_CLASS = YES_ERROR;
				CLANG_WARN_RANGE_LOOP_ANALYSIS = YES;
				CLANG_WARN_STRICT_PROTOTYPES = YES;
				CLANG_WARN_SUSPICIOUS_MOVE = YES;
				CLANG_WARN_UNGUARDED_AVAILABILITY = YES_AGGRESSIVE;
				CLANG_WARN_UNREACHABLE_CODE = YES;
				CLANG_WARN__DUPLICATE_METHOD_MATCH = YES;
				COPY_PHASE_STRIP = NO;
				DEBUG_INFORMATION_FORMAT = dwarf;
				ENABLE_STRICT_OBJC_MSGSEND = YES;
				ENABLE_TESTABILITY = YES;
				GCC_C_LANGUAGE_STANDARD = gnu11;
				GCC_DYNAMIC_NO_PIC = NO;
				GCC_NO_COMMON_BLOCKS = YES;
				GCC_OPTIMIZATION_LEVEL = 0;
				GCC_PREPROCESSOR_DEFINITIONS = (
					"DEBUG=1",
					"$(inherited)",
				);
				GCC_WARN_64_TO_32_BIT_CONVERSION = YES;
				GCC_WARN_ABOUT_RETURN_TYPE = YES_ERROR;
				GCC_WARN_UNDECLARED_SELECTOR = YES;
				GCC_WARN_UNINITIALIZED_AUTOS = YES_AGGRESSIVE;
				GCC_WARN_UNUSED_FUNCTION = YES;
				GCC_WARN_UNUSED_VARIABLE = YES;
				IPHONEOS_DEPLOYMENT_TARGET = 13.1;
				MTL_ENABLE_DEBUG_INFO = INCLUDE_SOURCE;
				MTL_FAST_MATH = YES;
				ONLY_ACTIVE_ARCH = YES;
				SDKROOT = iphoneos;
				SWIFT_ACTIVE_COMPILATION_CONDITIONS = DEBUG;
				SWIFT_OPTIMIZATION_LEVEL = "-Onone";
			};
			name = Debug;
		};
		B5F5B1DE23545244002EDF2E /* Release */ = {
			isa = XCBuildConfiguration;
			buildSettings = {
				ALWAYS_SEARCH_USER_PATHS = NO;
				CLANG_ANALYZER_NONNULL = YES;
				CLANG_ANALYZER_NUMBER_OBJECT_CONVERSION = YES_AGGRESSIVE;
				CLANG_CXX_LANGUAGE_STANDARD = "gnu++14";
				CLANG_CXX_LIBRARY = "libc++";
				CLANG_ENABLE_MODULES = YES;
				CLANG_ENABLE_OBJC_ARC = YES;
				CLANG_ENABLE_OBJC_WEAK = YES;
				CLANG_WARN_BLOCK_CAPTURE_AUTORELEASING = YES;
				CLANG_WARN_BOOL_CONVERSION = YES;
				CLANG_WARN_COMMA = YES;
				CLANG_WARN_CONSTANT_CONVERSION = YES;
				CLANG_WARN_DEPRECATED_OBJC_IMPLEMENTATIONS = YES;
				CLANG_WARN_DIRECT_OBJC_ISA_USAGE = YES_ERROR;
				CLANG_WARN_DOCUMENTATION_COMMENTS = YES;
				CLANG_WARN_EMPTY_BODY = YES;
				CLANG_WARN_ENUM_CONVERSION = YES;
				CLANG_WARN_INFINITE_RECURSION = YES;
				CLANG_WARN_INT_CONVERSION = YES;
				CLANG_WARN_NON_LITERAL_NULL_CONVERSION = YES;
				CLANG_WARN_OBJC_IMPLICIT_RETAIN_SELF = YES;
				CLANG_WARN_OBJC_LITERAL_CONVERSION = YES;
				CLANG_WARN_OBJC_ROOT_CLASS = YES_ERROR;
				CLANG_WARN_RANGE_LOOP_ANALYSIS = YES;
				CLANG_WARN_STRICT_PROTOTYPES = YES;
				CLANG_WARN_SUSPICIOUS_MOVE = YES;
				CLANG_WARN_UNGUARDED_AVAILABILITY = YES_AGGRESSIVE;
				CLANG_WARN_UNREACHABLE_CODE = YES;
				CLANG_WARN__DUPLICATE_METHOD_MATCH = YES;
				COPY_PHASE_STRIP = NO;
				DEBUG_INFORMATION_FORMAT = "dwarf-with-dsym";
				ENABLE_NS_ASSERTIONS = NO;
				ENABLE_STRICT_OBJC_MSGSEND = YES;
				GCC_C_LANGUAGE_STANDARD = gnu11;
				GCC_NO_COMMON_BLOCKS = YES;
				GCC_WARN_64_TO_32_BIT_CONVERSION = YES;
				GCC_WARN_ABOUT_RETURN_TYPE = YES_ERROR;
				GCC_WARN_UNDECLARED_SELECTOR = YES;
				GCC_WARN_UNINITIALIZED_AUTOS = YES_AGGRESSIVE;
				GCC_WARN_UNUSED_FUNCTION = YES;
				GCC_WARN_UNUSED_VARIABLE = YES;
				IPHONEOS_DEPLOYMENT_TARGET = 13.1;
				MTL_ENABLE_DEBUG_INFO = NO;
				MTL_FAST_MATH = YES;
				SDKROOT = iphoneos;
				SWIFT_COMPILATION_MODE = wholemodule;
				SWIFT_OPTIMIZATION_LEVEL = "-O";
				VALIDATE_PRODUCT = YES;
			};
			name = Release;
		};
		B5F5B1E023545244002EDF2E /* Debug */ = {
			isa = XCBuildConfiguration;
			buildSettings = {
				ASSETCATALOG_COMPILER_APPICON_NAME = AppIcon;
				CODE_SIGN_STYLE = Automatic;
				DEVELOPMENT_TEAM = MK8LW573WY;
				INFOPLIST_FILE = Project14/Info.plist;
				IPHONEOS_DEPLOYMENT_TARGET = 12.0;
				LD_RUNPATH_SEARCH_PATHS = (
					"$(inherited)",
					"@executable_path/Frameworks",
				);
				PRODUCT_BUNDLE_IDENTIFIER = com.developermaris.Project14;
				PRODUCT_NAME = "$(TARGET_NAME)";
				SWIFT_VERSION = 5.0;
				TARGETED_DEVICE_FAMILY = 2;
			};
			name = Debug;
		};
		B5F5B1E123545244002EDF2E /* Release */ = {
			isa = XCBuildConfiguration;
			buildSettings = {
				ASSETCATALOG_COMPILER_APPICON_NAME = AppIcon;
				CODE_SIGN_STYLE = Automatic;
				DEVELOPMENT_TEAM = MK8LW573WY;
				INFOPLIST_FILE = Project14/Info.plist;
				IPHONEOS_DEPLOYMENT_TARGET = 12.0;
				LD_RUNPATH_SEARCH_PATHS = (
					"$(inherited)",
					"@executable_path/Frameworks",
				);
				PRODUCT_BUNDLE_IDENTIFIER = com.developermaris.Project14;
				PRODUCT_NAME = "$(TARGET_NAME)";
				SWIFT_VERSION = 5.0;
				TARGETED_DEVICE_FAMILY = 2;
			};
			name = Release;
		};
/* End XCBuildConfiguration section */

/* Begin XCConfigurationList section */
		B5F5B1C22354523B002EDF2E /* Build configuration list for PBXProject "Project14" */ = {
			isa = XCConfigurationList;
			buildConfigurations = (
				B5F5B1DD23545244002EDF2E /* Debug */,
				B5F5B1DE23545244002EDF2E /* Release */,
			);
			defaultConfigurationIsVisible = 0;
			defaultConfigurationName = Release;
		};
		B5F5B1DF23545244002EDF2E /* Build configuration list for PBXNativeTarget "Project14" */ = {
			isa = XCConfigurationList;
			buildConfigurations = (
				B5F5B1E023545244002EDF2E /* Debug */,
				B5F5B1E123545244002EDF2E /* Release */,
			);
			defaultConfigurationIsVisible = 0;
			defaultConfigurationName = Release;
		};
/* End XCConfigurationList section */
	};
	rootObject = B5F5B1BF2354523B002EDF2E /* Project object */;
}
